
Microsoft Visual Studio Solution File, Format Version 12.00
# Visual Studio Version 16
VisualStudioVersion = 16.0.32228.343
MinimumVisualStudioVersion = 10.0.40219.1
Project("{2150E333-8FDC-42A3-9474-1A3956D46DE8}") = "Services", "Services", "{895C278D-4EF3-42EC-9397-300ADB8E9E12}"
EndProject
Project("{2150E333-8FDC-42A3-9474-1A3956D46DE8}") = "Catalog", "Catalog", "{780D21FB-259D-4EB1-8F6C-EB164023D75E}"
EndProject
Project("{FAE04EC0-301F-11D3-BF4B-00C04F79EFBC}") = "Catalog.API", "Services\Catalog\Catalog.API\Catalog.API.csproj", "{48BEB023-376D-4CB3-B1F6-52F9A36D005B}"
EndProject
Global
	GlobalSection(SolutionConfigurationPlatforms) = preSolution
		Debug|Any CPU = Debug|Any CPU
		Release|Any CPU = Release|Any CPU
	EndGlobalSection
	GlobalSection(ProjectConfigurationPlatforms) = postSolution
		{48BEB023-376D-4CB3-B1F6-52F9A36D005B}.Debug|Any CPU.ActiveCfg = Debug|Any CPU
		{48BEB023-376D-4CB3-B1F6-52F9A36D005B}.Debug|Any CPU.Build.0 = Debug|Any CPU
		{48BEB023-376D-4CB3-B1F6-52F9A36D005B}.Release|Any CPU.ActiveCfg = Release|Any CPU
		{48BEB023-376D-4CB3-B1F6-52F9A36D005B}.Release|Any CPU.Build.0 = Release|Any CPU
	EndGlobalSection
	GlobalSection(SolutionProperties) = preSolution
		HideSolutionNode = FALSE
	EndGlobalSection
	GlobalSection(NestedProjects) = preSolution
		{780D21FB-259D-4EB1-8F6C-EB164023D75E} = {895C278D-4EF3-42EC-9397-300ADB8E9E12}
		{48BEB023-376D-4CB3-B1F6-52F9A36D005B} = {780D21FB-259D-4EB1-8F6C-EB164023D75E}
	EndGlobalSection
	GlobalSection(ExtensibilityGlobals) = postSolution
		SolutionGuid = {BD760D40-A8D4-4E0D-B775-7C89EADA1270}
	EndGlobalSection
EndGlobal
